version = 1
requires-python = ">=3.12"

[[package]]
name = "click"
version = "8.5.0"
source = { registry = "https://pypi.org/simple" }
sdist = { url = "https://files.pythonhosted.org/packages/c7/0e/7fa0ef50764b67090eca4114772a2abf8b6148198475e54c660b97caeee6/click-8.5.0.tar.gz", hash = "sha256:ba0d2089de75ea0310e2dde03160e6ca10009947fb95a182f9b54021bb272e34", size = 382235 }
wheels = [
    { url = "https://files.pythonhosted.org/packages/58/50/6c0d534c5f134586a8e1ba4e330569e32f057e33372ae556463212fb4cd3/click-8.5.0-py3-none-any.whl", hash = "sha256:255bc9599cf7748b4b1a446ccc735421bd08a2ae529a8b88597d3de5664ee360", size = 125251 },
]

[[package]]
name = "duckdb"
version = "1.5.6"
source = { registry = "https://pypi.org/simple" }
sdist = { url = "https://files.pythonhosted.org/packages/59/0b/d65ea3be00ea79aa276a8388bec588a9cbf409ce637c6d306e5316210d15/duckdb-1.5.6.tar.gz", hash = "sha256:166a91dbfacfc0c9f08cc76c0243cb6d3d4296bfab5bad72a3cfb63140a5b7c8", size = 18032957 }
wheels = [
    { url = "https://files.pythonhosted.org/packages/d9/d5/d0ab77a0a1702a43171c93874f44c1f6481e30038bd3987df0d77a16a5c6/duckdb-1.5.6-cp312-cp312-macosx_10_13_universal2.whl", hash = "sha256:48d07d0651aaeac2c3974afd37599970154b7b79b54c18f27c319c14ccf98d9d", size = 32810486 },
    { url = "https://files.pythonhosted.org/packages/9f/cd/b22201de5377faa3be6c38d5f3eaa504cb480392a448bed6a4d2239469b4/duckdb-1.5.6-cp312-cp312-macosx_10_13_x86_64.whl", hash = "sha256:79de3dfa8705b1ba0d59e7e3252e40ff399e0afd12f485502a6c7bf7c2fd809a", size = 17405278 },
    { url = "https://files.pythonhosted.org/packages/9c/6d/f9cfb1493bbdc2f095693a402e42dce1192077f9e11573f00baed6a748de/duckdb-1.5.6-cp312-cp312-macosx_11_0_arm64.whl", hash = "sha256:dcccce20965e6986cd083fdf192c461685ad0b93cd1ccd0b2a8207f1185f078b", size = 15532943 },
    { url = "https://files.pythonhosted.org/packages/53/04/f65ccfaa5a833f2e570c4a140f03c8f95da416da9fe8ed08401f81f8242a/duckdb-1.5.6-cp312-cp312-manylinux_2_26_aarch64.manylinux_2_28_aarch64.whl", hash = "sha256:ce89a1025a5317ebe9c520876c48032b5247ac574865486648b1a004f6009875", size = 19454940 },
    { url = "https://files.pythonhosted.org/packages/4c/99/be75c788a492f8d77b7a1cdc1b19939ae7be0007f2028691ad371a1a33ee/duckdb-1.5.6-cp312-cp312-manylinux_2_26_x86_64.manylinux_2_28_x86_64.whl", hash = "sha256:bc9619ed7d4ffa117b5155d84b44794366bb6635178d78ed5e13a6024845c757", size = 21568087 },
    { url = "https://files.pythonhosted.org/packages/b5/95/889f8508960e47c0a7c75cc5bf57cde8512fc24f8db7b3129cca5388da42/duckdb-1.5.6-cp312-cp312-win_amd64.whl", hash = "sha256:09ff51b230219f0d8b47fc8a1e17fb595ba9fab0c3d96a6de4d00b8ff86b3cf1", size = 13190189 },
    { url = "https://files.pythonhosted.org/packages/a4/c9/baab503364a68309f8368c88e77f5341e7d94927bdf3e6d703f0e5035f3e/duckdb-1.5.6-cp312-cp312-win_arm64.whl", hash = "sha256:b8d795c8b2d5634b3269f974aa97f1fdf878f62f032317a52252a151b693fb1e", size = 14021977 },
    { url = "https://files.pythonhosted.org/packages/b1/5e/a476197fcba557738a588ec844747a19bc0a24b0e6f1809e308f29d68c0e/duckdb-1.5.6-cp313-cp313-macosx_10_13_universal2.whl", hash = "sha256:ae352646374cacf48e9981cf031191c494865192fc436d13667a2531fc5d1da3", size = 32810376 },
    { url = "https://files.pythonhosted.org/packages/0c/6d/5466a2b53ddd557644dfa47a763f68748efccdf282e6ae7c4f1bcfb3da69/duckdb-1.5.6-cp313-cp313-macosx_10_13_x86_64.whl", hash = "sha256:5a1261e90785e9d29953293e44f60fa073bd1137098924e8de21a037a861b051", size = 17405385 },
    { url = "https://files.pythonhosted.org/packages/d4/a0/bf87071170835ee4a34fe764fc11c1c6e7040a0e021b36c1b6f834a4c22f/duckdb-1.5.6-cp313-cp313-macosx_11_0_arm64.whl", hash = "sha256:97dd7a555b8f5298b76bc7d48a11cb2c64336e8de9bfde783cffb86ea9f54807", size = 15533132 },
    { url = "https://files.pythonhosted.org/packages/31/e0/38095c8e140ecfbe847519ac07bcba94301b8fbb76b2870015e33e07f179/duckdb-1.5.6-cp313-cp313-manylinux_2_26_aarch64.manylinux_2_28_aarch64.whl", hash = "sha256:364992ba1089a2b327391cfcb68fd0bd0ce9090cf293baef861a0ba6847abfee", size = 19454994 },
    { url = "https://files.pythonhosted.org/packages/70/21/61dd2876bbaa69cf77d7b5c620e52e8b25faae7096f4d2e4a812b52095d7/duckdb-1.5.6-cp313-cp313-manylinux_2_26_x86_64.manylinux_2_28_x86_64.whl", hash = "sha256:644f54ce99b3b61844bc9a3fe80e0aecb1ea4084b1fffc4396d1569db6111679", size = 21568700 },
    { url = "https://files.pythonhosted.org/packages/4a/4a/100730e7785e85268be4d4d5bd62cfc8314e261d2f42efa208243eef35cb/duckdb-1.5.6-cp313-cp313-win_amd64.whl", hash = "sha256:ced693d33ddcee2e5345f077d342c87d2aaa80e41c514e64c9ff2d4e5963c251", size = 13190707 },
    { url = "https://files.pythonhosted.org/packages/f3/2e/bc7f44eab4e89ee5c1cb427bb1168ad021d985042e6841ec0694c3d3d501/duckdb-1.5.6-cp313-cp313-win_arm64.whl", hash = "sha256:41ecc75bb9328d72d154a705c1a653d2c5c60f686a5c0c6578aa80020753c884", size = 14020962 },
    { url = "https://files.pythonhosted.org/packages/fb/62/a8a30a4c6b94c0861d348ed5633b963f6745a5525527530f02f3c1a7c931/duckdb-1.5.6-cp314-cp314-macosx_10_15_universal2.whl", hash = "sha256:aa21d2ad803b2524326e8622d7d96b2bb1ff1d5b60368e1978ee805df9c21fb3", size = 32828003 },
    { url = "https://files.pythonhosted.org/packages/71/b7/1dcca0005eb8c67adf9fc06bf0cbb1d2bf4ea1974cc89e7a7c2ad66aac28/duckdb-1.5.6-cp314-cp314-macosx_10_15_x86_64.whl", hash = "sha256:8a1b2ad27d414068cbca06c55cfa802eece10f86ea4812ff082f8ab4cb25fc85", size = 17413912 },
    { url = "https://files.pythonhosted.org/packages/93/b0/e3ac175443550f3464f2d95731a8b0aae9b4dc3875c3a186c352262b43c2/duckdb-1.5.6-cp314-cp314-macosx_11_0_arm64.whl", hash = "sha256:c79c6d222b1d015cde73b5139087186b00db65357fb4e2c94c2308fbbf465a72", size = 15543122 },
    { url = "https://files.pythonhosted.org/packages/9d/08/cc510a7952aba69d5cdca17f3ef61c95713d86143f2ee9aa3e097d38f50b/duckdb-1.5.6-cp314-cp314-manylinux_2_26_aarch64.manylinux_2_28_aarch64.whl", hash = "sha256:1052b8050ef5696e2c0d8c836949c72f3dd11f0690466acbea739613e8e2750b", size = 19457946 },
    { url = "https://files.pythonhosted.org/packages/ef/a5/6f8099d9a5a02ddff89e5c85875df3465054845b0920fb0703fbdf8dd2ec/duckdb-1.5.6-cp314-cp314-manylinux_2_26_x86_64.manylinux_2_28_x86_64.whl", hash = "sha256:19c5e485e59613b8878d1670bcaa7a010f53c5a4da5ae8e08863e5e529ca6182", size = 21575132 },
    { url = "https://files.pythonhosted.org/packages/9f/58/762f7159662d7859e201fa05ca29f306795daeabf84f3e087215a966b001/duckdb-1.5.6-cp314-cp314-win_amd64.whl", hash = "sha256:ebcbd09cd8578ab1093393e9b16289cda0e8f1791ac595bf00eb5bad75c3cf00", size = 13713963 },
    { url = "https://files.pythonhosted.org/packages/46/69/64d165db322de13f5c3e75d377b6b9694df1821155ad1fa4b14b04601abc/duckdb-1.5.6-cp314-cp314-win_arm64.whl", hash = "sha256:820a8384faef11cd86068ea48c5da57ce2d8f1c7b3d2bdb9be3398317a7c3728", size = 14514368 },
]

[[package]]
name = "jevdb"
version = "0.1.0"
source = { virtual = "." }
dependencies = [
    { name = "click" },
    { name = "duckdb" },
    { name = "polars" },
    { name = "python-dotenv" },
]

[package.metadata]
requires-dist = [
    { name = "click", specifier = ">=8.5.0" },
    { name = "duckdb", specifier = ">=1.5.6" },
    { name = "polars", specifier = ">=1.44.2" },
    { name = "python-dotenv", specifier = ">=1.2.3" },
]

[[package]]
name = "polars"
version = "1.44.2"
source = { registry = "https://pypi.org/simple" }
dependencies = [
    { name = "polars-runtime-32" },
]
sdist = { url = "https://files.pythonhosted.org/packages/a4/15/e8541eefc22fbc7ca89bcb5112298a153729f73cfbc0cf6a668e509f975c/polars-1.44.2.tar.gz", hash = "sha256:86c8e26b6c2de8c8d344bb910b74dfc47b118ac3fe0f19b44909467990a0b281", size = 766272 }
wheels = [
    { url = "https://files.pythonhosted.org/packages/51/6d/3014112c7f717d1253223faa13b6db3ac3a64ed00ab2a3bc1b942bc9cdd4/polars-1.44.2-py3-none-any.whl", hash = "sha256:1bb331f17a40d9d931101533dcd33637b66edc61eb377b07020dac16a0f0377b", size = 865768 },
]

[[package]]
name = "polars-runtime-32"
version = "1.44.2"
source = { registry = "https://pypi.org/simple" }
sdist = { url = "https://files.pythonhosted.org/packages/d4/a1/a7eace6587b56f22cf2a21ab4d5e695db372dc23fd96accb68b1ec12660b/polars_runtime_32-1.44.2.tar.gz", hash = "sha256:b84842f7d621aaca7a52e165e19a24f89db45f8aa13744941430218419a14a67", size = 3172205 }
wheels = [
    { url = "https://files.pythonhosted.org/packages/99/5b/a5215f82c3dd443dc5d6911b0d3e937f97056e0ef7753f7e123422481a18/polars_runtime_32-1.44.2-cp310-abi3-macosx_10_12_x86_64.whl", hash = "sha256:1fd536720668ba203a16a20b08cd6b23057e407a0279cf36b2f35f879d6e3208", size = 48334014 },
    { url = "https://files.pythonhosted.org/packages/c2/e0/f3dc93fce4b4e99370db6a89001a1b8d3c606e3560d0d91dda809d6c6324/polars_runtime_32-1.44.2-cp310-abi3-macosx_11_0_arm64.whl", hash = "sha256:e0fd43720c8222ae39919c8ff891636d53b352706087120e62f83544dd3ff782", size = 43331099 },
    { url = "https://files.pythonhosted.org/packages/4e/4f/076626ce93ddd622203c4b27be2a96d034cf5b24110c52e96e6029f0ea33/polars_runtime_32-1.44.2-cp310-abi3-manylinux_2_17_aarch64.manylinux2014_aarch64.whl", hash = "sha256:bbf9b45040291dc1c6c588c837019c33557bde25ec536562a9cca9e1f6dfcc45", size = 46590853 },
    { url = "https://files.pythonhosted.org/packages/e9/24/ed9982657c446dd5491b089370eea196725673570cfc61f7225a9fdd7ef0/polars_runtime_32-1.44.2-cp310-abi3-manylinux_2_17_x86_64.manylinux2014_x86_64.whl", hash = "sha256:a1bafb441e99199a62c63bf1bbdc0ea09ee9776dbac2bf31452b5000fb1df2f7", size = 49912258 },
    { url = "https://files.pythonhosted.org/packages/71/42/5490ab360aa2406119825ad82203a5e2ff27a3a5893ca8e0b93c053a59a3/polars_runtime_32-1.44.2-cp310-abi3-musllinux_1_2_aarch64.whl", hash = "sha256:10c0c695a418407617b5159db7d9a21074a733e4c6d61275b6762f25cb31ca99", size = 46737310 },
    { url = "https://files.pythonhosted.org/packages/06/8f/d741afb1dcd1848161189e017d27972e7e78556d8dce66b94d4235093706/polars_runtime_32-1.44.2-cp310-abi3-musllinux_1_2_x86_64.whl", hash = "sha256:c4a09fb14aad711526346efc0cb2015c2fd0555ce4118b6524e5debbaea65ff5", size = 49887654 },
    { url = "https://files.pythonhosted.org/packages/ba/e7/c61c1c7eea37705920fe7c1302d1dd80d1165db2b928f0da3eae6d1ebb75/polars_runtime_32-1.44.2-cp310-abi3-win_amd64.whl", hash = "sha256:8598e7a20efba70bb74978c7df7af7c606ff4d79b9b48fdd808250b189bc9a13", size = 51297967 },
    { url = "https://files.pythonhosted.org/packages/e7/a0/d0dd0d2ec95fa328dd47055905fae53ba3cd79f11c8973326ebe75a49e4c/polars_runtime_32-1.44.2-cp310-abi3-win_arm64.whl", hash = "sha256:d51040d3ab40157f6db3c62be59cab5b80fb3c8d158924769c4982a1c8eef730", size = 44303345 },
]

[[package]]
name = "python-dotenv"
version = "1.2.3"
source = { registry = "https://pypi.org/simple" }
sdist = { url = "https://files.pythonhosted.org/packages/6a/53/ed9d74092561d4b01a2ef1349d52cdbc135e526c245f366b089cfca6de49/python_dotenv-1.2.3.tar.gz", hash = "sha256:a20a594dabeaa385725aa239d5244871c143ecb356add8a20fcf23773a6c3a35", size = 58945 }
wheels = [
    { url = "https://files.pythonhosted.org/packages/0d/17/c5c6b53ddc18f297992099b3d9ec16c855c0ccc83263a21fe4d1c625ec6c/python_dotenv-1.2.3-py3-none-any.whl", hash = "sha256:904552145e8bfed22162c09dab1c2b9b54fefa7b23ba780f4f26ca0316b0f0d9", size = 22780 },
]
